
Microsoft Visual Studio Solution File, Format Version 12.00
# Visual Studio Version 17
VisualStudioVersion = 17.14.36212.18
MinimumVisualStudioVersion = 10.0.40219.1
Project("{FAE04EC0-301F-11D3-BF4B-00C04F79EFBC}") = "NTierProject", "NTierProject.csproj", "{746872CE-4A41-4671-B817-5E7BE49D21E3}"
EndProject
Project("{FAE04EC0-301F-11D3-BF4B-00C04F79EFBC}") = "DataLayer", "..\DataLayer\DataLayer.csproj", "{8EBBB36C-1BB3-4EC3-B139-2B92BDC41BF8}"
EndProject
Project("{FAE04EC0-301F-11D3-BF4B-00C04F79EFBC}") = "CoreLayer", "..\CoreLayer\CoreLayer.csproj", "{3B7F0F49-18E2-4AF4-829B-50DA2E0BB799}"
EndProject
Project("{FAE04EC0-301F-11D3-BF4B-00C04F79EFBC}") = "BusinessLayer", "..\BusinessLayer\BusinessLayer.csproj", "{ECF9F105-74F1-4368-A720-75F2A6AEE3BC}"
EndProject
Global
	GlobalSection(SolutionConfigurationPlatforms) = preSolution
		Debug|Any CPU = Debug|Any CPU
		Release|Any CPU = Release|Any CPU
	EndGlobalSection
	GlobalSection(ProjectConfigurationPlatforms) = postSolution
		{746872CE-4A41-4671-B817-5E7BE49D21E3}.Debug|Any CPU.ActiveCfg = Debug|Any CPU
		{746872CE-4A41-4671-B817-5E7BE49D21E3}.Debug|Any CPU.Build.0 = Debug|Any CPU
		{746872CE-4A41-4671-B817-5E7BE49D21E3}.Release|Any CPU.ActiveCfg = Release|Any CPU
		{746872CE-4A41-4671-B817-5E7BE49D21E3}.Release|Any CPU.Build.0 = Release|Any CPU
		{8EBBB36C-1BB3-4EC3-B139-2B92BDC41BF8}.Debug|Any CPU.ActiveCfg = Debug|Any CPU
		{8EBBB36C-1BB3-4EC3-B139-2B92BDC41BF8}.Debug|Any CPU.Build.0 = Debug|Any CPU
		{8EBBB36C-1BB3-4EC3-B139-2B92BDC41BF8}.Release|Any CPU.ActiveCfg = Release|Any CPU
		{8EBBB36C-1BB3-4EC3-B139-2B92BDC41BF8}.Release|Any CPU.Build.0 = Release|Any CPU
		{3B7F0F49-18E2-4AF4-829B-50DA2E0BB799}.Debug|Any CPU.ActiveCfg = Debug|Any CPU
		{3B7F0F49-18E2-4AF4-829B-50DA2E0BB799}.Debug|Any CPU.Build.0 = Debug|Any CPU
		{3B7F0F49-18E2-4AF4-829B-50DA2E0BB799}.Release|Any CPU.ActiveCfg = Release|Any CPU
		{3B7F0F49-18E2-4AF4-829B-50DA2E0BB799}.Release|Any CPU.Build.0 = Release|Any CPU
		{ECF9F105-74F1-4368-A720-75F2A6AEE3BC}.Debug|Any CPU.ActiveCfg = Debug|Any CPU
		{ECF9F105-74F1-4368-A720-75F2A6AEE3BC}.Debug|Any CPU.Build.0 = Debug|Any CPU
		{ECF9F105-74F1-4368-A720-75F2A6AEE3BC}.Release|Any CPU.ActiveCfg = Release|Any CPU
		{ECF9F105-74F1-4368-A720-75F2A6AEE3BC}.Release|Any CPU.Build.0 = Release|Any CPU
	EndGlobalSection
	GlobalSection(SolutionProperties) = preSolution
		HideSolutionNode = FALSE
	EndGlobalSection
	GlobalSection(ExtensibilityGlobals) = postSolution
		SolutionGuid = {622EFE14-508A-4BB2-B4CF-566AF1975878}
	EndGlobalSection
EndGlobal
